
Microsoft Visual Studio Solution File, Format Version 12.00
# Visual Studio 15
VisualStudioVersion = 15.0.28010.2026
MinimumVisualStudioVersion = 10.0.40219.1
Project("{FAE04EC0-301F-11D3-BF4B-00C04F79EFBC}") = "cepnator", "cepnator\cepnator.csproj", "{20A8C039-2D60-40DB-B4A0-AF2377446959}"
EndProject
Project("{FAE04EC0-301F-11D3-BF4B-00C04F79EFBC}") = "cepnatorWeb", "cepnatorWeb\cepnatorWeb.csproj", "{436549B8-B568-4902-AED6-6F43E3400F6B}"
EndProject
Global
	GlobalSection(SolutionConfigurationPlatforms) = preSolution
		Debug|Any CPU = Debug|Any CPU
		Release|Any CPU = Release|Any CPU
	EndGlobalSection
	GlobalSection(ProjectConfigurationPlatforms) = postSolution
		{20A8C039-2D60-40DB-B4A0-AF2377446959}.Debug|Any CPU.ActiveCfg = Debug|Any CPU
		{20A8C039-2D60-40DB-B4A0-AF2377446959}.Debug|Any CPU.Build.0 = Debug|Any CPU
		{20A8C039-2D60-40DB-B4A0-AF2377446959}.Debug|Any CPU.Deploy.0 = Debug|Any CPU
		{20A8C039-2D60-40DB-B4A0-AF2377446959}.Release|Any CPU.ActiveCfg = Release|Any CPU
		{20A8C039-2D60-40DB-B4A0-AF2377446959}.Release|Any CPU.Build.0 = Release|Any CPU
		{20A8C039-2D60-40DB-B4A0-AF2377446959}.Release|Any CPU.Deploy.0 = Release|Any CPU
		{436549B8-B568-4902-AED6-6F43E3400F6B}.Debug|Any CPU.ActiveCfg = Debug|Any CPU
		{436549B8-B568-4902-AED6-6F43E3400F6B}.Debug|Any CPU.Build.0 = Debug|Any CPU
		{436549B8-B568-4902-AED6-6F43E3400F6B}.Release|Any CPU.ActiveCfg = Release|Any CPU
		{436549B8-B568-4902-AED6-6F43E3400F6B}.Release|Any CPU.Build.0 = Release|Any CPU
	EndGlobalSection
	GlobalSection(SolutionProperties) = preSolution
		HideSolutionNode = FALSE
	EndGlobalSection
	GlobalSection(ExtensibilityGlobals) = postSolution
		SolutionGuid = {C72B9377-55CD-4172-B2DD-EECCCF8E6DE2}
	EndGlobalSection
EndGlobal
